// !$*UTF8*$!
{
	archiveVersion = 1;
	classes = {
	};
	objectVersion = 55;
	objects = {

/* Begin PBXBuildFile section */
		E76347322872BF6500901C70 /* main.swift in Sources */ = {isa = PBXBuildFile; fileRef = E76347312872BF6500901C70 /* main.swift */; };
		E76347392872D54300901C70 /* union_find_basic.swift in Sources */ = {isa = PBXBuildFile; fileRef = E76347382872D54300901C70 /* union_find_basic.swift */; };
		E763473B2872FB2000901C70 /* 25318.swift in Sources */ = {isa = PBXBuildFile; fileRef = E763473A2872FB2000901C70 /* 25318.swift */; };
		E763473D2876F18500901C70 /* 1976.swift in Sources */ = {isa = PBXBuildFile; fileRef = E763473C2876F18500901C70 /* 1976.swift */; };
		E763473F2877129700901C70 /* 1976_main.swift in Sources */ = {isa = PBXBuildFile; fileRef = E763473E2877129700901C70 /* 1976_main.swift */; };
		E7634741287715F700901C70 /* 25318_main.swift in Sources */ = {isa = PBXBuildFile; fileRef = E7634740287715F700901C70 /* 25318_main.swift */; };
/* End PBXBuildFile section */

/* Begin PBXCopyFilesBuildPhase section */
		E763472C2872BF6500901C70 /* CopyFiles */ = {
			isa = PBXCopyFilesBuildPhase;
			buildActionMask = 2147483647;
			dstPath = /usr/share/man/man1/;
			dstSubfolderSpec = 0;
			files = (
			);
			runOnlyForDeploymentPostprocessing = 1;
		};
/* End PBXCopyFilesBuildPhase section */

/* Begin PBXFileReference section */
		E763472E2872BF6500901C70 /* BOJ */ = {isa = PBXFileReference; explicitFileType = "compiled.mach-o.executable"; includeInIndex = 0; path = BOJ; sourceTree = BUILT_PRODUCTS_DIR; };
		E76347312872BF6500901C70 /* main.swift */ = {isa = PBXFileReference; lastKnownFileType = sourcecode.swift; path = main.swift; sourceTree = "<group>"; };
		E76347382872D54300901C70 /* union_find_basic.swift */ = {isa = PBXFileReference; lastKnownFileType = sourcecode.swift; path = union_find_basic.swift; sourceTree = "<group>"; };
		E763473A2872FB2000901C70 /* 25318.swift */ = {isa = PBXFileReference; lastKnownFileType = sourcecode.swift; path = 25318.swift; sourceTree = "<group>"; };
		E763473C2876F18500901C70 /* 1976.swift */ = {isa = PBXFileReference; lastKnownFileType = sourcecode.swift; path = 1976.swift; sourceTree = "<group>"; };
		E763473E2877129700901C70 /* 1976_main.swift */ = {isa = PBXFileReference; lastKnownFileType = sourcecode.swift; path = 1976_main.swift; sourceTree = "<group>"; };
		E7634740287715F700901C70 /* 25318_main.swift */ = {isa = PBXFileReference; lastKnownFileType = sourcecode.swift; path = 25318_main.swift; sourceTree = "<group>"; };
/* End PBXFileReference section */

/* Begin PBXFrameworksBuildPhase section */
		E763472B2872BF6500901C70 /* Frameworks */ = {
			isa = PBXFrameworksBuildPhase;
			buildActionMask = 2147483647;
			files = (
			);
			runOnlyForDeploymentPostprocessing = 0;
		};
/* End PBXFrameworksBuildPhase section */

/* Begin PBXGroup section */
		E76347252872BF6500901C70 = {
			isa = PBXGroup;
			children = (
				E76347302872BF6500901C70 /* BOJ */,
				E763472F2872BF6500901C70 /* Products */,
			);
			sourceTree = "<group>";
		};
		E763472F2872BF6500901C70 /* Products */ = {
			isa = PBXGroup;
			children = (
				E763472E2872BF6500901C70 /* BOJ */,
			);
			name = Products;
			sourceTree = "<group>";
		};
		E76347302872BF6500901C70 /* BOJ */ = {
			isa = PBXGroup;
			children = (
				E76347312872BF6500901C70 /* main.swift */,
				E76347382872D54300901C70 /* union_find_basic.swift */,
				E763473A2872FB2000901C70 /* 25318.swift */,
				E7634740287715F700901C70 /* 25318_main.swift */,
				E763473C2876F18500901C70 /* 1976.swift */,
				E763473E2877129700901C70 /* 1976_main.swift */,
			);
			path = BOJ;
			sourceTree = "<group>";
		};
/* End PBXGroup section */

/* Begin PBXNativeTarget section */
		E763472D2872BF6500901C70 /* BOJ */ = {
			isa = PBXNativeTarget;
			buildConfigurationList = E76347352872BF6500901C70 /* Build configuration list for PBXNativeTarget "BOJ" */;
			buildPhases = (
				E763472A2872BF6500901C70 /* Sources */,
				E763472B2872BF6500901C70 /* Frameworks */,
				E763472C2872BF6500901C70 /* CopyFiles */,
			);
			buildRules = (
			);
			dependencies = (
			);
			name = BOJ;
			productName = BOJ;
			productReference = E763472E2872BF6500901C70 /* BOJ */;
			productType = "com.apple.product-type.tool";
		};
/* End PBXNativeTarget section */

/* Begin PBXProject section */
		E76347262872BF6500901C70 /* Project object */ = {
			isa = PBXProject;
			attributes = {
				BuildIndependentTargetsInParallel = 1;
				LastSwiftUpdateCheck = 1340;
				LastUpgradeCheck = 1340;
				TargetAttributes = {
					E763472D2872BF6500901C70 = {
						CreatedOnToolsVersion = 13.4.1;
					};
				};
			};
			buildConfigurationList = E76347292872BF6500901C70 /* Build configuration list for PBXProject "BOJ" */;
			compatibilityVersion = "Xcode 13.0";
			developmentRegion = en;
			hasScannedForEncodings = 0;
			knownRegions = (
				en,
				Base,
			);
			mainGroup = E76347252872BF6500901C70;
			productRefGroup = E763472F2872BF6500901C70 /* Products */;
			projectDirPath = "";
			projectRoot = "";
			targets = (
				E763472D2872BF6500901C70 /* BOJ */,
			);
		};
/* End PBXProject section */

/* Begin PBXSourcesBuildPhase section */
		E763472A2872BF6500901C70 /* Sources */ = {
			isa = PBXSourcesBuildPhase;
			buildActionMask = 2147483647;
			files = (
				E763473D2876F18500901C70 /* 1976.swift in Sources */,
				E763473B2872FB2000901C70 /* 25318.swift in Sources */,
				E763473F2877129700901C70 /* 1976_main.swift in Sources */,
				E76347322872BF6500901C70 /* main.swift in Sources */,
				E7634741287715F700901C70 /* 25318_main.swift in Sources */,
				E76347392872D54300901C70 /* union_find_basic.swift in Sources */,
			);
			runOnlyForDeploymentPostprocessing = 0;
		};
/* End PBXSourcesBuildPhase section */

/* Begin XCBuildConfiguration section */
		E76347332872BF6500901C70 /* Debug */ = {
			isa = XCBuildConfiguration;
			buildSettings = {
				ALWAYS_SEARCH_USER_PATHS = NO;
				CLANG_ANALYZER_NONNULL = YES;
				CLANG_ANALYZER_NUMBER_OBJECT_CONVERSION = YES_AGGRESSIVE;
				CLANG_CXX_LANGUAGE_STANDARD = "gnu++17";
				CLANG_ENABLE_MODULES = YES;
				CLANG_ENABLE_OBJC_ARC = YES;
				CLANG_ENABLE_OBJC_WEAK = YES;
				CLANG_WARN_BLOCK_CAPTURE_AUTORELEASING = YES;
				CLANG_WARN_BOOL_CONVERSION = YES;
				CLANG_WARN_COMMA = YES;
				CLANG_WARN_CONSTANT_CONVERSION = YES;
				CLANG_WARN_DEPRECATED_OBJC_IMPLEMENTATIONS = YES;
				CLANG_WARN_DIRECT_OBJC_ISA_USAGE = YES_ERROR;
				CLANG_WARN_DOCUMENTATION_COMMENTS = YES;
				CLANG_WARN_EMPTY_BODY = YES;
				CLANG_WARN_ENUM_CONVERSION = YES;
				CLANG_WARN_INFINITE_RECURSION = YES;
				CLANG_WARN_INT_CONVERSION = YES;
				CLANG_WARN_NON_LITERAL_NULL_CONVERSION = YES;
				CLANG_WARN_OBJC_IMPLICIT_RETAIN_SELF = YES;
				CLANG_WARN_OBJC_LITERAL_CONVERSION = YES;
				CLANG_WARN_OBJC_ROOT_CLASS = YES_ERROR;
				CLANG_WARN_QUOTED_INCLUDE_IN_FRAMEWORK_HEADER = YES;
				CLANG_WARN_RANGE_LOOP_ANALYSIS = YES;
				CLANG_WARN_STRICT_PROTOTYPES = YES;
				CLANG_WARN_SUSPICIOUS_MOVE = YES;
				CLANG_WARN_UNGUARDED_AVAILABILITY = YES_AGGRESSIVE;
				CLANG_WARN_UNREACHABLE_CODE = YES;
				CLANG_WARN__DUPLICATE_METHOD_MATCH = YES;
				COPY_PHASE_STRIP = NO;
				DEBUG_INFORMATION_FORMAT = dwarf;
				ENABLE_STRICT_OBJC_MSGSEND = YES;
				ENABLE_TESTABILITY = YES;
				GCC_C_LANGUAGE_STANDARD = gnu11;
				GCC_DYNAMIC_NO_PIC = NO;
				GCC_NO_COMMON_BLOCKS = YES;
				GCC_OPTIMIZATION_LEVEL = 0;
				GCC_PREPROCESSOR_DEFINITIONS = (
					"DEBUG=1",
					"$(inherited)",
				);
				GCC_WARN_64_TO_32_BIT_CONVERSION = YES;
				GCC_WARN_ABOUT_RETURN_TYPE = YES_ERROR;
				GCC_WARN_UNDECLARED_SELECTOR = YES;
				GCC_WARN_UNINITIALIZED_AUTOS = YES_AGGRESSIVE;
				GCC_WARN_UNUSED_FUNCTION = YES;
				GCC_WARN_UNUSED_VARIABLE = YES;
				MACOSX_DEPLOYMENT_TARGET = 12.2;
				MTL_ENABLE_DEBUG_INFO = INCLUDE_SOURCE;
				MTL_FAST_MATH = YES;
				ONLY_ACTIVE_ARCH = YES;
				SDKROOT = macosx;
				SWIFT_ACTIVE_COMPILATION_CONDITIONS = DEBUG;
				SWIFT_OPTIMIZATION_LEVEL = "-Onone";
			};
			name = Debug;
		};
		E76347342872BF6500901C70 /* Release */ = {
			isa = XCBuildConfiguration;
			buildSettings = {
				ALWAYS_SEARCH_USER_PATHS = NO;
				CLANG_ANALYZER_NONNULL = YES;
				CLANG_ANALYZER_NUMBER_OBJECT_CONVERSION = YES_AGGRESSIVE;
				CLANG_CXX_LANGUAGE_STANDARD = "gnu++17";
				CLANG_ENABLE_MODULES = YES;
				CLANG_ENABLE_OBJC_ARC = YES;
				CLANG_ENABLE_OBJC_WEAK = YES;
				CLANG_WARN_BLOCK_CAPTURE_AUTORELEASING = YES;
				CLANG_WARN_BOOL_CONVERSION = YES;
				CLANG_WARN_COMMA = YES;
				CLANG_WARN_CONSTANT_CONVERSION = YES;
				CLANG_WARN_DEPRECATED_OBJC_IMPLEMENTATIONS = YES;
				CLANG_WARN_DIRECT_OBJC_ISA_USAGE = YES_ERROR;
				CLANG_WARN_DOCUMENTATION_COMMENTS = YES;
				CLANG_WARN_EMPTY_BODY = YES;
				CLANG_WARN_ENUM_CONVERSION = YES;
				CLANG_WARN_INFINITE_RECURSION = YES;
				CLANG_WARN_INT_CONVERSION = YES;
				CLANG_WARN_NON_LITERAL_NULL_CONVERSION = YES;
				CLANG_WARN_OBJC_IMPLICIT_RETAIN_SELF = YES;
				CLANG_WARN_OBJC_LITERAL_CONVERSION = YES;
				CLANG_WARN_OBJC_ROOT_CLASS = YES_ERROR;
				CLANG_WARN_QUOTED_INCLUDE_IN_FRAMEWORK_HEADER = YES;
				CLANG_WARN_RANGE_LOOP_ANALYSIS = YES;
				CLANG_WARN_STRICT_PROTOTYPES = YES;
				CLANG_WARN_SUSPICIOUS_MOVE = YES;
				CLANG_WARN_UNGUARDED_AVAILABILITY = YES_AGGRESSIVE;
				CLANG_WARN_UNREACHABLE_CODE = YES;
				CLANG_WARN__DUPLICATE_METHOD_MATCH = YES;
				COPY_PHASE_STRIP = NO;
				DEBUG_INFORMATION_FORMAT = "dwarf-with-dsym";
				ENABLE_NS_ASSERTIONS = NO;
				ENABLE_STRICT_OBJC_MSGSEND = YES;
				GCC_C_LANGUAGE_STANDARD = gnu11;
				GCC_NO_COMMON_BLOCKS = YES;
				GCC_WARN_64_TO_32_BIT_CONVERSION = YES;
				GCC_WARN_ABOUT_RETURN_TYPE = YES_ERROR;
				GCC_WARN_UNDECLARED_SELECTOR = YES;
				GCC_WARN_UNINITIALIZED_AUTOS = YES_AGGRESSIVE;
				GCC_WARN_UNUSED_FUNCTION = YES;
				GCC_WARN_UNUSED_VARIABLE = YES;
				MACOSX_DEPLOYMENT_TARGET = 12.2;
				MTL_ENABLE_DEBUG_INFO = NO;
				MTL_FAST_MATH = YES;
				SDKROOT = macosx;
				SWIFT_COMPILATION_MODE = wholemodule;
				SWIFT_OPTIMIZATION_LEVEL = "-O";
			};
			name = Release;
		};
		E76347362872BF6500901C70 /* Debug */ = {
			isa = XCBuildConfiguration;
			buildSettings = {
				CODE_SIGN_STYLE = Automatic;
				DEVELOPMENT_TEAM = L6U78J7MGY;
				ENABLE_HARDENED_RUNTIME = YES;
				PRODUCT_NAME = "$(TARGET_NAME)";
				SWIFT_VERSION = 5.0;
			};
			name = Debug;
		};
		E76347372872BF6500901C70 /* Release */ = {
			isa = XCBuildConfiguration;
			buildSettings = {
				CODE_SIGN_STYLE = Automatic;
				DEVELOPMENT_TEAM = L6U78J7MGY;
				ENABLE_HARDENED_RUNTIME = YES;
				PRODUCT_NAME = "$(TARGET_NAME)";
				SWIFT_VERSION = 5.0;
			};
			name = Release;
		};
/* End XCBuildConfiguration section */

/* Begin XCConfigurationList section */
		E76347292872BF6500901C70 /* Build configuration list for PBXProject "BOJ" */ = {
			isa = XCConfigurationList;
			buildConfigurations = (
				E76347332872BF6500901C70 /* Debug */,
				E76347342872BF6500901C70 /* Release */,
			);
			defaultConfigurationIsVisible = 0;
			defaultConfigurationName = Release;
		};
		E76347352872BF6500901C70 /* Build configuration list for PBXNativeTarget "BOJ" */ = {
			isa = XCConfigurationList;
			buildConfigurations = (
				E76347362872BF6500901C70 /* Debug */,
				E76347372872BF6500901C70 /* Release */,
			);
			defaultConfigurationIsVisible = 0;
			defaultConfigurationName = Release;
		};
/* End XCConfigurationList section */
	};
	rootObject = E76347262872BF6500901C70 /* Project object */;
}
